<Solution>
  <Project Path="D:/Internship/AssignmentSolved/Assignments_3.2_solution/Assignments_3.2_solution.csproj" Id="f91674d9-26fa-4f42-8002-bba551b17d24" />
  <Project Path="D:/Internship/AssignmentSolved/Assignment_1_solution/Assignment_1_solution/Assignment_1_solution.csproj" />
  <Project Path="D:/Internship/AssignmentSolved/Assignment_2_solution/Assignment_2_solution.csproj" Id="8ae112b9-702b-4b79-b356-5d275776a9e2" />
  <Project Path="D:/Internship/AssignmentSolved/Assignment_2_solution_Part 2/Assignment_2_solution_Part 2.csproj" Id="6a2bb71e-b88d-47c9-9e17-f9e65220b296" />
  <Project Path="D:/Internship/AssignmentSolved/Assignment_3.1_solution/Assignment_3.1_solution.csproj" Id="a9486d0a-7175-4af0-8538-ac912e29b38c" />
  <Project Path="D:/Internship/AssignmentSolved/Assignment_3.2_solution/Assignment_3.2_solution.csproj" Id="a2f07caf-d706-43c0-89b8-084f72dc70b0" />
</Solution>
